// !$*UTF8*$!
{
	archiveVersion = 1;
	classes = {
	};
	objectVersion = 46;
	objects = {

/* Begin PBXBuildFile section */
		2F95B37817C703E000379728 /* UIKit.framework in Frameworks */ = {isa = PBXBuildFile; fileRef = 2F95B37717C703E000379728 /* UIKit.framework */; };
		2F95B37A17C703E000379728 /* Foundation.framework in Frameworks */ = {isa = PBXBuildFile; fileRef = 2F95B37917C703E000379728 /* Foundation.framework */; };
		2F95B37C17C703E000379728 /* CoreGraphics.framework in Frameworks */ = {isa = PBXBuildFile; fileRef = 2F95B37B17C703E000379728 /* CoreGraphics.framework */; };
		2F95B38217C703E000379728 /* InfoPlist.strings in Resources */ = {isa = PBXBuildFile; fileRef = 2F95B38017C703E000379728 /* InfoPlist.strings */; };
		2F95B38417C703E000379728 /* main.m in Sources */ = {isa = PBXBuildFile; fileRef = 2F95B38317C703E000379728 /* main.m */; };
		2F95B38817C703E000379728 /* AppDelegate.m in Sources */ = {isa = PBXBuildFile; fileRef = 2F95B38717C703E000379728 /* AppDelegate.m */; };
		2F95B38A17C703E000379728 /* Default.png in Resources */ = {isa = PBXBuildFile; fileRef = 2F95B38917C703E000379728 /* Default.png */; };
		2F95B38C17C703E000379728 /* Default@2x.png in Resources */ = {isa = PBXBuildFile; fileRef = 2F95B38B17C703E000379728 /* Default@2x.png */; };
		2F95B38E17C703E000379728 /* Default-568h@2x.png in Resources */ = {isa = PBXBuildFile; fileRef = 2F95B38D17C703E000379728 /* Default-568h@2x.png */; };
		2F95B39117C703E000379728 /* ViewController.m in Sources */ = {isa = PBXBuildFile; fileRef = 2F95B39017C703E000379728 /* ViewController.m */; };
		2F95B39417C703E000379728 /* ViewController.xib in Resources */ = {isa = PBXBuildFile; fileRef = 2F95B39217C703E000379728 /* ViewController.xib */; };
/* End PBXBuildFile section */

/* Begin PBXFileReference section */
		2F95B37417C703E000379728 /* TestSortedArray.app */ = {isa = PBXFileReference; explicitFileType = wrapper.application; includeInIndex = 0; path = TestSortedArray.app; sourceTree = BUILT_PRODUCTS_DIR; };
		2F95B37717C703E000379728 /* UIKit.framework */ = {isa = PBXFileReference; lastKnownFileType = wrapper.framework; name = UIKit.framework; path = System/Library/Frameworks/UIKit.framework; sourceTree = SDKROOT; };
		2F95B37917C703E000379728 /* Foundation.framework */ = {isa = PBXFileReference; lastKnownFileType = wrapper.framework; name = Foundation.framework; path = System/Library/Frameworks/Foundation.framework; sourceTree = SDKROOT; };
		2F95B37B17C703E000379728 /* CoreGraphics.framework */ = {isa = PBXFileReference; lastKnownFileType = wrapper.framework; name = CoreGraphics.framework; path = System/Library/Frameworks/CoreGraphics.framework; sourceTree = SDKROOT; };
		2F95B37F17C703E000379728 /* TestSortedArray-Info.plist */ = {isa = PBXFileReference; lastKnownFileType = text.plist.xml; path = "TestSortedArray-Info.plist"; sourceTree = "<group>"; };
		2F95B38117C703E000379728 /* en */ = {isa = PBXFileReference; lastKnownFileType = text.plist.strings; name = en; path = en.lproj/InfoPlist.strings; sourceTree = "<group>"; };
		2F95B38317C703E000379728 /* main.m */ = {isa = PBXFileReference; lastKnownFileType = sourcecode.c.objc; path = main.m; sourceTree = "<group>"; };
		2F95B38517C703E000379728 /* TestSortedArray-Prefix.pch */ = {isa = PBXFileReference; lastKnownFileType = sourcecode.c.h; path = "TestSortedArray-Prefix.pch"; sourceTree = "<group>"; };
		2F95B38617C703E000379728 /* AppDelegate.h */ = {isa = PBXFileReference; lastKnownFileType = sourcecode.c.h; path = AppDelegate.h; sourceTree = "<group>"; };
		2F95B38717C703E000379728 /* AppDelegate.m */ = {isa = PBXFileReference; lastKnownFileType = sourcecode.c.objc; path = AppDelegate.m; sourceTree = "<group>"; };
		2F95B38917C703E000379728 /* Default.png */ = {isa = PBXFileReference; lastKnownFileType = image.png; path = Default.png; sourceTree = "<group>"; };
		2F95B38B17C703E000379728 /* Default@2x.png */ = {isa = PBXFileReference; lastKnownFileType = image.png; path = "Default@2x.png"; sourceTree = "<group>"; };
		2F95B38D17C703E000379728 /* Default-568h@2x.png */ = {isa = PBXFileReference; lastKnownFileType = image.png; path = "Default-568h@2x.png"; sourceTree = "<group>"; };
		2F95B38F17C703E000379728 /* ViewController.h */ = {isa = PBXFileReference; lastKnownFileType = sourcecode.c.h; path = ViewController.h; sourceTree = "<group>"; };
		2F95B39017C703E000379728 /* ViewController.m */ = {isa = PBXFileReference; lastKnownFileType = sourcecode.c.objc; path = ViewController.m; sourceTree = "<group>"; };
		2F95B39317C703E000379728 /* en */ = {isa = PBXFileReference; lastKnownFileType = file.xib; name = en; path = en.lproj/ViewController.xib; sourceTree = "<group>"; };
/* End PBXFileReference section */

/* Begin PBXFrameworksBuildPhase section */
		2F95B37117C703E000379728 /* Frameworks */ = {
			isa = PBXFrameworksBuildPhase;
			buildActionMask = 2147483647;
			files = (
				2F95B37817C703E000379728 /* UIKit.framework in Frameworks */,
				2F95B37A17C703E000379728 /* Foundation.framework in Frameworks */,
				2F95B37C17C703E000379728 /* CoreGraphics.framework in Frameworks */,
			);
			runOnlyForDeploymentPostprocessing = 0;
		};
/* End PBXFrameworksBuildPhase section */

/* Begin PBXGroup section */
		2F95B36B17C703E000379728 = {
			isa = PBXGroup;
			children = (
				2F95B37D17C703E000379728 /* TestSortedArray */,
				2F95B37617C703E000379728 /* Frameworks */,
				2F95B37517C703E000379728 /* Products */,
			);
			sourceTree = "<group>";
		};
		2F95B37517C703E000379728 /* Products */ = {
			isa = PBXGroup;
			children = (
				2F95B37417C703E000379728 /* TestSortedArray.app */,
			);
			name = Products;
			sourceTree = "<group>";
		};
		2F95B37617C703E000379728 /* Frameworks */ = {
			isa = PBXGroup;
			children = (
				2F95B37717C703E000379728 /* UIKit.framework */,
				2F95B37917C703E000379728 /* Foundation.framework */,
				2F95B37B17C703E000379728 /* CoreGraphics.framework */,
			);
			name = Frameworks;
			sourceTree = "<group>";
		};
		2F95B37D17C703E000379728 /* TestSortedArray */ = {
			isa = PBXGroup;
			children = (
				2F95B38617C703E000379728 /* AppDelegate.h */,
				2F95B38717C703E000379728 /* AppDelegate.m */,
				2F95B38F17C703E000379728 /* ViewController.h */,
				2F95B39017C703E000379728 /* ViewController.m */,
				2F95B39217C703E000379728 /* ViewController.xib */,
				2F95B37E17C703E000379728 /* Supporting Files */,
			);
			path = TestSortedArray;
			sourceTree = "<group>";
		};
		2F95B37E17C703E000379728 /* Supporting Files */ = {
			isa = PBXGroup;
			children = (
				2F95B37F17C703E000379728 /* TestSortedArray-Info.plist */,
				2F95B38017C703E000379728 /* InfoPlist.strings */,
				2F95B38317C703E000379728 /* main.m */,
				2F95B38517C703E000379728 /* TestSortedArray-Prefix.pch */,
				2F95B38917C703E000379728 /* Default.png */,
				2F95B38B17C703E000379728 /* Default@2x.png */,
				2F95B38D17C703E000379728 /* Default-568h@2x.png */,
			);
			name = "Supporting Files";
			sourceTree = "<group>";
		};
/* End PBXGroup section */

/* Begin PBXNativeTarget section */
		2F95B37317C703E000379728 /* TestSortedArray */ = {
			isa = PBXNativeTarget;
			buildConfigurationList = 2F95B39717C703E000379728 /* Build configuration list for PBXNativeTarget "TestSortedArray" */;
			buildPhases = (
				2F95B37017C703E000379728 /* Sources */,
				2F95B37117C703E000379728 /* Frameworks */,
				2F95B37217C703E000379728 /* Resources */,
			);
			buildRules = (
			);
			dependencies = (
			);
			name = TestSortedArray;
			productName = TestSortedArray;
			productReference = 2F95B37417C703E000379728 /* TestSortedArray.app */;
			productType = "com.apple.product-type.application";
		};
/* End PBXNativeTarget section */

/* Begin PBXProject section */
		2F95B36C17C703E000379728 /* Project object */ = {
			isa = PBXProject;
			attributes = {
				LastUpgradeCheck = 0460;
				ORGANIZATIONNAME = jo2studio;
			};
			buildConfigurationList = 2F95B36F17C703E000379728 /* Build configuration list for PBXProject "TestSortedArray" */;
			compatibilityVersion = "Xcode 3.2";
			developmentRegion = English;
			hasScannedForEncodings = 0;
			knownRegions = (
				en,
			);
			mainGroup = 2F95B36B17C703E000379728;
			productRefGroup = 2F95B37517C703E000379728 /* Products */;
			projectDirPath = "";
			projectRoot = "";
			targets = (
				2F95B37317C703E000379728 /* TestSortedArray */,
			);
		};
/* End PBXProject section */

/* Begin PBXResourcesBuildPhase section */
		2F95B37217C703E000379728 /* Resources */ = {
			isa = PBXResourcesBuildPhase;
			buildActionMask = 2147483647;
			files = (
				2F95B38217C703E000379728 /* InfoPlist.strings in Resources */,
				2F95B38A17C703E000379728 /* Default.png in Resources */,
				2F95B38C17C703E000379728 /* Default@2x.png in Resources */,
				2F95B38E17C703E000379728 /* Default-568h@2x.png in Resources */,
				2F95B39417C703E000379728 /* ViewController.xib in Resources */,
			);
			runOnlyForDeploymentPostprocessing = 0;
		};
/* End PBXResourcesBuildPhase section */

/* Begin PBXSourcesBuildPhase section */
		2F95B37017C703E000379728 /* Sources */ = {
			isa = PBXSourcesBuildPhase;
			buildActionMask = 2147483647;
			files = (
				2F95B38417C703E000379728 /* main.m in Sources */,
				2F95B38817C703E000379728 /* AppDelegate.m in Sources */,
				2F95B39117C703E000379728 /* ViewController.m in Sources */,
			);
			runOnlyForDeploymentPostprocessing = 0;
		};
/* End PBXSourcesBuildPhase section */

/* Begin PBXVariantGroup section */
		2F95B38017C703E000379728 /* InfoPlist.strings */ = {
			isa = PBXVariantGroup;
			children = (
				2F95B38117C703E000379728 /* en */,
			);
			name = InfoPlist.strings;
			sourceTree = "<group>";
		};
		2F95B39217C703E000379728 /* ViewController.xib */ = {
			isa = PBXVariantGroup;
			children = (
				2F95B39317C703E000379728 /* en */,
			);
			name = ViewController.xib;
			sourceTree = "<group>";
		};
/* End PBXVariantGroup section */

/* Begin XCBuildConfiguration section */
		2F95B39517C703E000379728 /* Debug */ = {
			isa = XCBuildConfiguration;
			buildSettings = {
				ALWAYS_SEARCH_USER_PATHS = NO;
				CLANG_CXX_LANGUAGE_STANDARD = "gnu++0x";
				CLANG_CXX_LIBRARY = "libc++";
				CLANG_WARN_CONSTANT_CONVERSION = YES;
				CLANG_WARN_EMPTY_BODY = YES;
				CLANG_WARN_ENUM_CONVERSION = YES;
				CLANG_WARN_INT_CONVERSION = YES;
				CLANG_WARN__DUPLICATE_METHOD_MATCH = YES;
				"CODE_SIGN_IDENTITY[sdk=iphoneos*]" = "iPhone Developer";
				COPY_PHASE_STRIP = NO;
				GCC_C_LANGUAGE_STANDARD = gnu99;
				GCC_DYNAMIC_NO_PIC = NO;
				GCC_OPTIMIZATION_LEVEL = 0;
				GCC_PREPROCESSOR_DEFINITIONS = (
					"DEBUG=1",
					"$(inherited)",
				);
				GCC_SYMBOLS_PRIVATE_EXTERN = NO;
				GCC_WARN_ABOUT_RETURN_TYPE = YES;
				GCC_WARN_UNINITIALIZED_AUTOS = YES;
				GCC_WARN_UNUSED_VARIABLE = YES;
				IPHONEOS_DEPLOYMENT_TARGET = 6.1;
				ONLY_ACTIVE_ARCH = YES;
				SDKROOT = iphoneos;
			};
			name = Debug;
		};
		2F95B39617C703E000379728 /* Release */ = {
			isa = XCBuildConfiguration;
			buildSettings = {
				ALWAYS_SEARCH_USER_PATHS = NO;
				CLANG_CXX_LANGUAGE_STANDARD = "gnu++0x";
				CLANG_CXX_LIBRARY = "libc++";
				CLANG_WARN_CONSTANT_CONVERSION = YES;
				CLANG_WARN_EMPTY_BODY = YES;
				CLANG_WARN_ENUM_CONVERSION = YES;
				CLANG_WARN_INT_CONVERSION = YES;
				CLANG_WARN__DUPLICATE_METHOD_MATCH = YES;
				"CODE_SIGN_IDENTITY[sdk=iphoneos*]" = "iPhone Developer";
				COPY_PHASE_STRIP = YES;
				GCC_C_LANGUAGE_STANDARD = gnu99;
				GCC_WARN_ABOUT_RETURN_TYPE = YES;
				GCC_WARN_UNINITIALIZED_AUTOS = YES;
				GCC_WARN_UNUSED_VARIABLE = YES;
				IPHONEOS_DEPLOYMENT_TARGET = 6.1;
				OTHER_CFLAGS = "-DNS_BLOCK_ASSERTIONS=1";
				SDKROOT = iphoneos;
				VALIDATE_PRODUCT = YES;
			};
			name = Release;
		};
		2F95B39817C703E000379728 /* Debug */ = {
			isa = XCBuildConfiguration;
			buildSettings = {
				GCC_PRECOMPILE_PREFIX_HEADER = YES;
				GCC_PREFIX_HEADER = "TestSortedArray/TestSortedArray-Prefix.pch";
				INFOPLIST_FILE = "TestSortedArray/TestSortedArray-Info.plist";
				PRODUCT_NAME = "$(TARGET_NAME)";
				WRAPPER_EXTENSION = app;
			};
			name = Debug;
		};
		2F95B39917C703E000379728 /* Release */ = {
			isa = XCBuildConfiguration;
			buildSettings = {
				GCC_PRECOMPILE_PREFIX_HEADER = YES;
				GCC_PREFIX_HEADER = "TestSortedArray/TestSortedArray-Prefix.pch";
				INFOPLIST_FILE = "TestSortedArray/TestSortedArray-Info.plist";
				PRODUCT_NAME = "$(TARGET_NAME)";
				WRAPPER_EXTENSION = app;
			};
			name = Release;
		};
/* End XCBuildConfiguration section */

/* Begin XCConfigurationList section */
		2F95B36F17C703E000379728 /* Build configuration list for PBXProject "TestSortedArray" */ = {
			isa = XCConfigurationList;
			buildConfigurations = (
				2F95B39517C703E000379728 /* Debug */,
				2F95B39617C703E000379728 /* Release */,
			);
			defaultConfigurationIsVisible = 0;
			defaultConfigurationName = Release;
		};
		2F95B39717C703E000379728 /* Build configuration list for PBXNativeTarget "TestSortedArray" */ = {
			isa = XCConfigurationList;
			buildConfigurations = (
				2F95B39817C703E000379728 /* Debug */,
				2F95B39917C703E000379728 /* Release */,
			);
			defaultConfigurationIsVisible = 0;
		};
/* End XCConfigurationList section */
	};
	rootObject = 2F95B36C17C703E000379728 /* Project object */;
}
